
Microsoft Visual Studio Solution File, Format Version 12.00
# Visual Studio Version 16
VisualStudioVersion = 16.0.30309.148
MinimumVisualStudioVersion = 10.0.40219.1
Project("{FAE04EC0-301F-11D3-BF4B-00C04F79EFBC}") = "LunchBuddies", "LunchBuddies\LunchBuddies.csproj", "{7F8A9657-C790-44D8-A900-B6EF66C15CBC}"
EndProject
Global
	GlobalSection(SolutionConfigurationPlatforms) = preSolution
		Debug|Any CPU = Debug|Any CPU
		Release|Any CPU = Release|Any CPU
	EndGlobalSection
	GlobalSection(ProjectConfigurationPlatforms) = postSolution
		{7F8A9657-C790-44D8-A900-B6EF66C15CBC}.Debug|Any CPU.ActiveCfg = Debug|Any CPU
		{7F8A9657-C790-44D8-A900-B6EF66C15CBC}.Debug|Any CPU.Build.0 = Debug|Any CPU
		{7F8A9657-C790-44D8-A900-B6EF66C15CBC}.Release|Any CPU.ActiveCfg = Release|Any CPU
		{7F8A9657-C790-44D8-A900-B6EF66C15CBC}.Release|Any CPU.Build.0 = Release|Any CPU
	EndGlobalSection
	GlobalSection(SolutionProperties) = preSolution
		HideSolutionNode = FALSE
	EndGlobalSection
	GlobalSection(ExtensibilityGlobals) = postSolution
		SolutionGuid = {2552E24C-3CA5-42E6-B552-67207345E9CB}
	EndGlobalSection
EndGlobal
